<?xml version="1.0" encoding="utf-8"?>
<Project ToolsVersion="4.0" xmlns="http://schemas.microsoft.com/developer/msbuild/2003">
  <ItemGroup>
    <Filter Include="lexer">
      <UniqueIdentifier>{2c45baef-303a-421e-b622-f58d55c79b79}</UniqueIdentifier>
    </Filter>
  </ItemGroup>
  <ItemGroup>
    <ClCompile Include="math_angles.cpp" />
    <ClCompile Include="math_matrix.cpp" />
    <ClCompile Include="math_quaternion.cpp" />
    <ClCompile Include="math_vector.cpp" />
    <ClCompile Include="q_parse.cpp" />
    <ClCompile Include="q_shared.cpp" />
    <ClCompile Include="splines.cpp" />
    <ClCompile Include="util_str.cpp" />
    <ClCompile Include="lexer\l_crc.c">
      <Filter>lexer</Filter>
    </ClCompile>
    <ClCompile Include="lexer\l_libvar.c">
      <Filter>lexer</Filter>
    </ClCompile>
    <ClCompile Include="lexer\l_log.c">
      <Filter>lexer</Filter>
    </ClCompile>
    <ClCompile Include="lexer\l_memory.c">
      <Filter>lexer</Filter>
    </ClCompile>
    <ClCompile Include="lexer\l_precomp.c">
      <Filter>lexer</Filter>
    </ClCompile>
    <ClCompile Include="lexer\l_script.c">
      <Filter>lexer</Filter>
    </ClCompile>
    <ClCompile Include="lexer\l_struct.c">
      <Filter>lexer</Filter>
    </ClCompile>
  </ItemGroup>
  <ItemGroup>
    <ClInclude Include="util_str.h" />
    <ClInclude Include="math_angles.h" />
    <ClInclude Include="math_matrix.h" />
    <ClInclude Include="math_quaternion.h" />
    <ClInclude Include="math_vector.h" />
    <ClInclude Include="q_shared.h" />
    <ClInclude Include="splines.h" />
    <ClInclude Include="util_list.h" />
    <ClInclude Include="lexer\l_crc.h">
      <Filter>lexer</Filter>
    </ClInclude>
    <ClInclude Include="lexer\l_libvar.h">
      <Filter>lexer</Filter>
    </ClInclude>
    <ClInclude Include="lexer\l_log.h">
      <Filter>lexer</Filter>
    </ClInclude>
    <ClInclude Include="lexer\l_memory.h">
      <Filter>lexer</Filter>
    </ClInclude>
    <ClInclude Include="lexer\l_precomp.h">
      <Filter>lexer</Filter>
    </ClInclude>
    <ClInclude Include="lexer\l_script.h">
      <Filter>lexer</Filter>
    </ClInclude>
    <ClInclude Include="lexer\l_struct.h">
      <Filter>lexer</Filter>
    </ClInclude>
  </ItemGroup>
</Project>